
Microsoft Visual Studio Solution File, Format Version 12.00
# Visual Studio Version 16
VisualStudioVersion = 16.0.30611.23
MinimumVisualStudioVersion = 10.0.40219.1
Project("{9A19103F-16F7-4668-BE54-9A1E7A4F7556}") = "Pinzar_Catalin_Lab2", "Pinzar_Catalin_Lab2.csproj", "{45D71824-012A-4F1C-9BE7-7056A268675D}"
EndProject
Project("{9A19103F-16F7-4668-BE54-9A1E7A4F7556}") = "LibraryModel", "LibraryModel\LibraryModel.csproj", "{10077488-5E05-4311-B13F-F46A3A9A2E47}"
EndProject
Project("{9A19103F-16F7-4668-BE54-9A1E7A4F7556}") = "LibraryWebAPI", "LibraryWebAPI\LibraryWebAPI.csproj", "{7CF19E1D-99A2-492F-AB86-375867D0B084}"
EndProject
Global
	GlobalSection(SolutionConfigurationPlatforms) = preSolution
		Debug|Any CPU = Debug|Any CPU
		Release|Any CPU = Release|Any CPU
	EndGlobalSection
	GlobalSection(ProjectConfigurationPlatforms) = postSolution
		{45D71824-012A-4F1C-9BE7-7056A268675D}.Debug|Any CPU.ActiveCfg = Debug|Any CPU
		{45D71824-012A-4F1C-9BE7-7056A268675D}.Debug|Any CPU.Build.0 = Debug|Any CPU
		{45D71824-012A-4F1C-9BE7-7056A268675D}.Release|Any CPU.ActiveCfg = Release|Any CPU
		{45D71824-012A-4F1C-9BE7-7056A268675D}.Release|Any CPU.Build.0 = Release|Any CPU
		{10077488-5E05-4311-B13F-F46A3A9A2E47}.Debug|Any CPU.ActiveCfg = Debug|Any CPU
		{10077488-5E05-4311-B13F-F46A3A9A2E47}.Debug|Any CPU.Build.0 = Debug|Any CPU
		{10077488-5E05-4311-B13F-F46A3A9A2E47}.Release|Any CPU.ActiveCfg = Release|Any CPU
		{10077488-5E05-4311-B13F-F46A3A9A2E47}.Release|Any CPU.Build.0 = Release|Any CPU
		{7CF19E1D-99A2-492F-AB86-375867D0B084}.Debug|Any CPU.ActiveCfg = Debug|Any CPU
		{7CF19E1D-99A2-492F-AB86-375867D0B084}.Debug|Any CPU.Build.0 = Debug|Any CPU
		{7CF19E1D-99A2-492F-AB86-375867D0B084}.Release|Any CPU.ActiveCfg = Release|Any CPU
		{7CF19E1D-99A2-492F-AB86-375867D0B084}.Release|Any CPU.Build.0 = Release|Any CPU
	EndGlobalSection
	GlobalSection(SolutionProperties) = preSolution
		HideSolutionNode = FALSE
	EndGlobalSection
	GlobalSection(ExtensibilityGlobals) = postSolution
		SolutionGuid = {DB804E33-A3A5-425C-8B70-2EB3FB6EA75D}
	EndGlobalSection
EndGlobal
